
Microsoft Visual Studio Solution File, Format Version 12.00
# Visual Studio Version 16
VisualStudioVersion = 16.0.33027.164
MinimumVisualStudioVersion = 10.0.40219.1
Project("{8BC9CEB8-8B4A-11D0-8D11-00A0C91BC942}") = "lwsoft1", "lwsoft1\lwsoft1.vcxproj", "{062CFF7E-03D5-4D9E-8691-E62C77BAA908}"
EndProject
Project("{8BC9CEB8-8B4A-11D0-8D11-00A0C91BC942}") = "lwsoftpuls", "lwsoftpuls\lwsoftpuls.vcxproj", "{093ED793-45D3-4788-9042-E27E209698B7}"
EndProject
Global
	GlobalSection(SolutionConfigurationPlatforms) = preSolution
		Debug|x64 = Debug|x64
		Debug|x86 = Debug|x86
		Release|x64 = Release|x64
		Release|x86 = Release|x86
	EndGlobalSection
	GlobalSection(ProjectConfigurationPlatforms) = postSolution
		{062CFF7E-03D5-4D9E-8691-E62C77BAA908}.Debug|x64.ActiveCfg = Debug|x64
		{062CFF7E-03D5-4D9E-8691-E62C77BAA908}.Debug|x64.Build.0 = Debug|x64
		{062CFF7E-03D5-4D9E-8691-E62C77BAA908}.Debug|x86.ActiveCfg = Debug|Win32
		{062CFF7E-03D5-4D9E-8691-E62C77BAA908}.Debug|x86.Build.0 = Debug|Win32
		{062CFF7E-03D5-4D9E-8691-E62C77BAA908}.Release|x64.ActiveCfg = Release|x64
		{062CFF7E-03D5-4D9E-8691-E62C77BAA908}.Release|x64.Build.0 = Release|x64
		{062CFF7E-03D5-4D9E-8691-E62C77BAA908}.Release|x86.ActiveCfg = Release|Win32
		{062CFF7E-03D5-4D9E-8691-E62C77BAA908}.Release|x86.Build.0 = Release|Win32
		{093ED793-45D3-4788-9042-E27E209698B7}.Debug|x64.ActiveCfg = Debug|x64
		{093ED793-45D3-4788-9042-E27E209698B7}.Debug|x64.Build.0 = Debug|x64
		{093ED793-45D3-4788-9042-E27E209698B7}.Debug|x86.ActiveCfg = Debug|Win32
		{093ED793-45D3-4788-9042-E27E209698B7}.Debug|x86.Build.0 = Debug|Win32
		{093ED793-45D3-4788-9042-E27E209698B7}.Release|x64.ActiveCfg = Release|x64
		{093ED793-45D3-4788-9042-E27E209698B7}.Release|x64.Build.0 = Release|x64
		{093ED793-45D3-4788-9042-E27E209698B7}.Release|x86.ActiveCfg = Release|Win32
		{093ED793-45D3-4788-9042-E27E209698B7}.Release|x86.Build.0 = Release|Win32
	EndGlobalSection
	GlobalSection(SolutionProperties) = preSolution
		HideSolutionNode = FALSE
	EndGlobalSection
	GlobalSection(ExtensibilityGlobals) = postSolution
		SolutionGuid = {16949B4E-FED8-4E1E-958F-B014D934E31E}
	EndGlobalSection
EndGlobal
